
Microsoft Visual Studio Solution File, Format Version 12.00
# Visual Studio 15
VisualStudioVersion = 15.0.28307.539
MinimumVisualStudioVersion = 10.0.40219.1
Project("{8BC9CEB8-8B4A-11D0-8D11-00A0C91BC942}") = "day7", "day7.vcxproj", "{4EAF30B9-9CD1-4F72-8CCE-6BE7ECA9CD67}"
EndProject
Global
	GlobalSection(SolutionConfigurationPlatforms) = preSolution
		Debug|x64 = Debug|x64
		Debug|x86 = Debug|x86
		Release|x64 = Release|x64
		Release|x86 = Release|x86
	EndGlobalSection
	GlobalSection(ProjectConfigurationPlatforms) = postSolution
		{4EAF30B9-9CD1-4F72-8CCE-6BE7ECA9CD67}.Debug|x64.ActiveCfg = Debug|x64
		{4EAF30B9-9CD1-4F72-8CCE-6BE7ECA9CD67}.Debug|x64.Build.0 = Debug|x64
		{4EAF30B9-9CD1-4F72-8CCE-6BE7ECA9CD67}.Debug|x86.ActiveCfg = Debug|Win32
		{4EAF30B9-9CD1-4F72-8CCE-6BE7ECA9CD67}.Debug|x86.Build.0 = Debug|Win32
		{4EAF30B9-9CD1-4F72-8CCE-6BE7ECA9CD67}.Release|x64.ActiveCfg = Release|x64
		{4EAF30B9-9CD1-4F72-8CCE-6BE7ECA9CD67}.Release|x64.Build.0 = Release|x64
		{4EAF30B9-9CD1-4F72-8CCE-6BE7ECA9CD67}.Release|x86.ActiveCfg = Release|Win32
		{4EAF30B9-9CD1-4F72-8CCE-6BE7ECA9CD67}.Release|x86.Build.0 = Release|Win32
	EndGlobalSection
	GlobalSection(SolutionProperties) = preSolution
		HideSolutionNode = FALSE
	EndGlobalSection
	GlobalSection(ExtensibilityGlobals) = postSolution
		SolutionGuid = {369F88B3-6C28-4F41-AD90-E80E5D1667B4}
	EndGlobalSection
EndGlobal
